
Microsoft Visual Studio Solution File, Format Version 12.00
# Visual Studio Version 16
VisualStudioVersion = 16.0.29709.97
MinimumVisualStudioVersion = 10.0.40219.1
Project("{FAE04EC0-301F-11D3-BF4B-00C04F79EFBC}") = "import-envs-data", "import-envs-data.csproj", "{B12F637D-6431-420F-9CD5-A82725DA51A0}"
EndProject
Global
	GlobalSection(SolutionConfigurationPlatforms) = preSolution
		Debug|Any CPU = Debug|Any CPU
		Release|Any CPU = Release|Any CPU
	EndGlobalSection
	GlobalSection(ProjectConfigurationPlatforms) = postSolution
		{B12F637D-6431-420F-9CD5-A82725DA51A0}.Debug|Any CPU.ActiveCfg = Debug|Any CPU
		{B12F637D-6431-420F-9CD5-A82725DA51A0}.Debug|Any CPU.Build.0 = Debug|Any CPU
		{B12F637D-6431-420F-9CD5-A82725DA51A0}.Release|Any CPU.ActiveCfg = Release|Any CPU
		{B12F637D-6431-420F-9CD5-A82725DA51A0}.Release|Any CPU.Build.0 = Release|Any CPU
	EndGlobalSection
	GlobalSection(SolutionProperties) = preSolution
		HideSolutionNode = FALSE
	EndGlobalSection
	GlobalSection(ExtensibilityGlobals) = postSolution
		SolutionGuid = {990B9605-44B3-4E1C-94EB-3D49E4D4408A}
	EndGlobalSection
EndGlobal
